
Microsoft Visual Studio Solution File, Format Version 12.00
# Visual Studio Version 17
VisualStudioVersion = 17.4.33213.308
MinimumVisualStudioVersion = 10.0.40219.1
Project("{FAE04EC0-301F-11D3-BF4B-00C04F79EFBC}") = "Assignment", "Assignment.csproj", "{FB249547-FA48-45E5-8177-3BF82331DDD7}"
EndProject
Global
	GlobalSection(SolutionConfigurationPlatforms) = preSolution
		Debug|Any CPU = Debug|Any CPU
		Release|Any CPU = Release|Any CPU
	EndGlobalSection
	GlobalSection(ProjectConfigurationPlatforms) = postSolution
		{FB249547-FA48-45E5-8177-3BF82331DDD7}.Debug|Any CPU.ActiveCfg = Debug|Any CPU
		{FB249547-FA48-45E5-8177-3BF82331DDD7}.Debug|Any CPU.Build.0 = Debug|Any CPU
		{FB249547-FA48-45E5-8177-3BF82331DDD7}.Release|Any CPU.ActiveCfg = Release|Any CPU
		{FB249547-FA48-45E5-8177-3BF82331DDD7}.Release|Any CPU.Build.0 = Release|Any CPU
	EndGlobalSection
	GlobalSection(SolutionProperties) = preSolution
		HideSolutionNode = FALSE
	EndGlobalSection
	GlobalSection(ExtensibilityGlobals) = postSolution
		SolutionGuid = {D02BE60C-D8B0-488C-B26B-5000A211D71A}
	EndGlobalSection
EndGlobal
